
Microsoft Visual Studio Solution File, Format Version 12.00
# Visual Studio Version 17
VisualStudioVersion = 17.6.33801.468
MinimumVisualStudioVersion = 10.0.40219.1
Project("{FAE04EC0-301F-11D3-BF4B-00C04F79EFBC}") = "EntityFrameworkCedex", "EntityFrameworkCedex\EntityFrameworkCedex.csproj", "{EF6D8073-413A-42AC-BB9E-EA7CCAD0825F}"
EndProject
Global
	GlobalSection(SolutionConfigurationPlatforms) = preSolution
		Debug|Any CPU = Debug|Any CPU
		Release|Any CPU = Release|Any CPU
	EndGlobalSection
	GlobalSection(ProjectConfigurationPlatforms) = postSolution
		{EF6D8073-413A-42AC-BB9E-EA7CCAD0825F}.Debug|Any CPU.ActiveCfg = Debug|Any CPU
		{EF6D8073-413A-42AC-BB9E-EA7CCAD0825F}.Debug|Any CPU.Build.0 = Debug|Any CPU
		{EF6D8073-413A-42AC-BB9E-EA7CCAD0825F}.Release|Any CPU.ActiveCfg = Release|Any CPU
		{EF6D8073-413A-42AC-BB9E-EA7CCAD0825F}.Release|Any CPU.Build.0 = Release|Any CPU
	EndGlobalSection
	GlobalSection(SolutionProperties) = preSolution
		HideSolutionNode = FALSE
	EndGlobalSection
	GlobalSection(ExtensibilityGlobals) = postSolution
		SolutionGuid = {20036DA8-5FAE-4677-854E-49E800721714}
	EndGlobalSection
EndGlobal
